
Microsoft Visual Studio Solution File, Format Version 12.00
# Visual Studio 2013
VisualStudioVersion = 12.0.31101.0
MinimumVisualStudioVersion = 10.0.40219.1
Project("{FAE04EC0-301F-11D3-BF4B-00C04F79EFBC}") = "Syringe.Tests", "src\Syringe.Tests\Syringe.Tests.csproj", "{ADA9A97D-B946-4D49-A1D3-0ACEFAE34EA2}"
EndProject
Project("{FAE04EC0-301F-11D3-BF4B-00C04F79EFBC}") = "Syringe.Core", "src\Syringe.Core\Syringe.Core.csproj", "{543B728D-5DC3-45A8-9C01-7BA5AE07E861}"
EndProject
Project("{FAE04EC0-301F-11D3-BF4B-00C04F79EFBC}") = "Syringe.Web", "src\Syringe.Web\Syringe.Web.csproj", "{F7EAD6A8-1BD0-43C6-A916-4CBFA0BEFCE3}"
EndProject
Project("{FAE04EC0-301F-11D3-BF4B-00C04F79EFBC}") = "Syringe.Web.IisConfig", "src\Syringe.Web.IisConfig\Syringe.Web.IisConfig.csproj", "{E209F248-B5FB-434A-863A-BB09B13C85EF}"
EndProject
Project("{FAE04EC0-301F-11D3-BF4B-00C04F79EFBC}") = "Syringe.Service", "src\Syringe.Service\Syringe.Service.csproj", "{B3AAAA32-4160-419F-9117-179037F88748}"
EndProject
Global
	GlobalSection(SolutionConfigurationPlatforms) = preSolution
		Debug|Any CPU = Debug|Any CPU
		Release|Any CPU = Release|Any CPU
	EndGlobalSection
	GlobalSection(ProjectConfigurationPlatforms) = postSolution
		{ADA9A97D-B946-4D49-A1D3-0ACEFAE34EA2}.Debug|Any CPU.ActiveCfg = Debug|Any CPU
		{ADA9A97D-B946-4D49-A1D3-0ACEFAE34EA2}.Debug|Any CPU.Build.0 = Debug|Any CPU
		{ADA9A97D-B946-4D49-A1D3-0ACEFAE34EA2}.Release|Any CPU.ActiveCfg = Release|Any CPU
		{ADA9A97D-B946-4D49-A1D3-0ACEFAE34EA2}.Release|Any CPU.Build.0 = Release|Any CPU
		{543B728D-5DC3-45A8-9C01-7BA5AE07E861}.Debug|Any CPU.ActiveCfg = Debug|Any CPU
		{543B728D-5DC3-45A8-9C01-7BA5AE07E861}.Debug|Any CPU.Build.0 = Debug|Any CPU
		{543B728D-5DC3-45A8-9C01-7BA5AE07E861}.Release|Any CPU.ActiveCfg = Release|Any CPU
		{543B728D-5DC3-45A8-9C01-7BA5AE07E861}.Release|Any CPU.Build.0 = Release|Any CPU
		{F7EAD6A8-1BD0-43C6-A916-4CBFA0BEFCE3}.Debug|Any CPU.ActiveCfg = Debug|Any CPU
		{F7EAD6A8-1BD0-43C6-A916-4CBFA0BEFCE3}.Debug|Any CPU.Build.0 = Debug|Any CPU
		{F7EAD6A8-1BD0-43C6-A916-4CBFA0BEFCE3}.Release|Any CPU.ActiveCfg = Release|Any CPU
		{F7EAD6A8-1BD0-43C6-A916-4CBFA0BEFCE3}.Release|Any CPU.Build.0 = Release|Any CPU
		{E209F248-B5FB-434A-863A-BB09B13C85EF}.Debug|Any CPU.ActiveCfg = Debug|Any CPU
		{E209F248-B5FB-434A-863A-BB09B13C85EF}.Debug|Any CPU.Build.0 = Debug|Any CPU
		{E209F248-B5FB-434A-863A-BB09B13C85EF}.Release|Any CPU.ActiveCfg = Release|Any CPU
		{E209F248-B5FB-434A-863A-BB09B13C85EF}.Release|Any CPU.Build.0 = Release|Any CPU
		{B3AAAA32-4160-419F-9117-179037F88748}.Debug|Any CPU.ActiveCfg = Debug|Any CPU
		{B3AAAA32-4160-419F-9117-179037F88748}.Debug|Any CPU.Build.0 = Debug|Any CPU
		{B3AAAA32-4160-419F-9117-179037F88748}.Release|Any CPU.ActiveCfg = Release|Any CPU
		{B3AAAA32-4160-419F-9117-179037F88748}.Release|Any CPU.Build.0 = Release|Any CPU
	EndGlobalSection
	GlobalSection(SolutionProperties) = preSolution
		HideSolutionNode = FALSE
	EndGlobalSection
EndGlobal
